dependencies:
- name: timescaledb-single
  repository: https://charts.timescale.com
  version: 0.5.5
- name: promscale
  repository: https://charts.timescale.com
  version: 0.2.0
- name: prometheus
  repository: https://prometheus-community.github.io/helm-charts
  version: 13.3.3
- name: grafana
  repository: https://grafana.github.io/helm-charts
  version: 6.4.4
digest: sha256:2e7413c43635ae1d2126344052df6584072e54a4a32636e632fbb9ae618d2817
generated: "2021-03-01T00:31:58.86641+05:30"
