dependencies:
- name: timescaledb-single
  repository: https://charts.timescale.com
  version: 0.5.5
- name: promscale
  repository: https://charts.timescale.com
  version: 0.1.2
- name: prometheus
  repository: https://prometheus-community.github.io/helm-charts
  version: 11.16.7
- name: grafana
  repository: https://grafana.github.io/helm-charts
  version: 6.1.0
digest: sha256:f3e147b996d5dc00549f08eb2f6b2de42b1b2636001f7bf6ed365025e47ab39c
generated: "2020-11-10T21:02:12.364511+05:30"
